# This file is automatically @generated by Cargo.
# It is not intended for manual editing.
version = 4

[[package]]
name = "fibonacci"
version = "0.1.0"
dependencies = [
 "valida-rs",
]

[[package]]
name = "valida-rs"
version = "0.1.0"
source = "git+https://github.com/lita-xyz/valida-rs.git?branch=no-deps#b2216526d65b777df76d4d8267b98c0cc53b42e0"
